
Microsoft Visual Studio Solution File, Format Version 12.00
# Visual Studio Version 17
VisualStudioVersion = 17.13.35931.197
MinimumVisualStudioVersion = 10.0.40219.1
Project("{FAE04EC0-301F-11D3-BF4B-00C04F79EFBC}") = "PenguinTools", "PenguinTools\PenguinTools.csproj", "{F1056152-CF5F-4014-AE80-E7E8AC3A6C9E}"
EndProject
Project("{FAE04EC0-301F-11D3-BF4B-00C04F79EFBC}") = "PenguinTools.Core", "PenguinTools.Core\PenguinTools.Core.csproj", "{B3AB3F9E-2605-410C-B23E-8A49A2FA31B5}"
EndProject
Project("{2150E333-8FDC-42A3-9474-1A3956D46DE8}") = "Solution Items", "Solution Items", "{8EC462FD-D22E-90A8-E5CE-7E832BA40C5D}"
	ProjectSection(SolutionItems) = preProject
		.editorconfig = .editorconfig
		.gitignore = .gitignore
		.gitmodules = .gitmodules
		build.bat = build.bat
		LICENSE = LICENSE
		README.md = README.md
		THIRD-PARTY-NOTICES.md = THIRD-PARTY-NOTICES.md
		Version.props = Version.props
	EndProjectSection
EndProject
Project("{FAE04EC0-301F-11D3-BF4B-00C04F79EFBC}") = "SonicAudioLib", "External\SonicAudioTools\Source\SonicAudioLib\SonicAudioLib.csproj", "{F5789E61-BFFD-4F50-9661-C701452A0ACB}"
EndProject
Project("{FAE04EC0-301F-11D3-BF4B-00C04F79EFBC}") = "VGAudio", "External\VGAudio\src\VGAudio\VGAudio.csproj", "{9DE3CB60-D4E9-4B23-A655-AE9AE56C8FE7}"
EndProject
Global
	GlobalSection(SolutionConfigurationPlatforms) = preSolution
		Debug|Any CPU = Debug|Any CPU
		Debug|x64 = Debug|x64
		Debug|x86 = Debug|x86
		Release|Any CPU = Release|Any CPU
		Release|x64 = Release|x64
		Release|x86 = Release|x86
	EndGlobalSection
	GlobalSection(ProjectConfigurationPlatforms) = postSolution
		{F1056152-CF5F-4014-AE80-E7E8AC3A6C9E}.Debug|Any CPU.ActiveCfg = Debug|Any CPU
		{F1056152-CF5F-4014-AE80-E7E8AC3A6C9E}.Debug|Any CPU.Build.0 = Debug|Any CPU
		{F1056152-CF5F-4014-AE80-E7E8AC3A6C9E}.Debug|x64.ActiveCfg = Debug|Any CPU
		{F1056152-CF5F-4014-AE80-E7E8AC3A6C9E}.Debug|x64.Build.0 = Debug|Any CPU
		{F1056152-CF5F-4014-AE80-E7E8AC3A6C9E}.Debug|x86.ActiveCfg = Debug|Any CPU
		{F1056152-CF5F-4014-AE80-E7E8AC3A6C9E}.Debug|x86.Build.0 = Debug|Any CPU
		{F1056152-CF5F-4014-AE80-E7E8AC3A6C9E}.Release|Any CPU.ActiveCfg = Release|Any CPU
		{F1056152-CF5F-4014-AE80-E7E8AC3A6C9E}.Release|Any CPU.Build.0 = Release|Any CPU
		{F1056152-CF5F-4014-AE80-E7E8AC3A6C9E}.Release|x64.ActiveCfg = Release|Any CPU
		{F1056152-CF5F-4014-AE80-E7E8AC3A6C9E}.Release|x64.Build.0 = Release|Any CPU
		{F1056152-CF5F-4014-AE80-E7E8AC3A6C9E}.Release|x86.ActiveCfg = Release|Any CPU
		{F1056152-CF5F-4014-AE80-E7E8AC3A6C9E}.Release|x86.Build.0 = Release|Any CPU
		{B3AB3F9E-2605-410C-B23E-8A49A2FA31B5}.Debug|Any CPU.ActiveCfg = Debug|Any CPU
		{B3AB3F9E-2605-410C-B23E-8A49A2FA31B5}.Debug|Any CPU.Build.0 = Debug|Any CPU
		{B3AB3F9E-2605-410C-B23E-8A49A2FA31B5}.Debug|x64.ActiveCfg = Debug|Any CPU
		{B3AB3F9E-2605-410C-B23E-8A49A2FA31B5}.Debug|x64.Build.0 = Debug|Any CPU
		{B3AB3F9E-2605-410C-B23E-8A49A2FA31B5}.Debug|x86.ActiveCfg = Debug|Any CPU
		{B3AB3F9E-2605-410C-B23E-8A49A2FA31B5}.Debug|x86.Build.0 = Debug|Any CPU
		{B3AB3F9E-2605-410C-B23E-8A49A2FA31B5}.Release|Any CPU.ActiveCfg = Release|Any CPU
		{B3AB3F9E-2605-410C-B23E-8A49A2FA31B5}.Release|Any CPU.Build.0 = Release|Any CPU
		{B3AB3F9E-2605-410C-B23E-8A49A2FA31B5}.Release|x64.ActiveCfg = Release|Any CPU
		{B3AB3F9E-2605-410C-B23E-8A49A2FA31B5}.Release|x64.Build.0 = Release|Any CPU
		{B3AB3F9E-2605-410C-B23E-8A49A2FA31B5}.Release|x86.ActiveCfg = Release|Any CPU
		{B3AB3F9E-2605-410C-B23E-8A49A2FA31B5}.Release|x86.Build.0 = Release|Any CPU
		{F5789E61-BFFD-4F50-9661-C701452A0ACB}.Debug|Any CPU.ActiveCfg = Debug|Any CPU
		{F5789E61-BFFD-4F50-9661-C701452A0ACB}.Debug|Any CPU.Build.0 = Debug|Any CPU
		{F5789E61-BFFD-4F50-9661-C701452A0ACB}.Debug|x64.ActiveCfg = Debug|Any CPU
		{F5789E61-BFFD-4F50-9661-C701452A0ACB}.Debug|x64.Build.0 = Debug|Any CPU
		{F5789E61-BFFD-4F50-9661-C701452A0ACB}.Debug|x86.ActiveCfg = Debug|Any CPU
		{F5789E61-BFFD-4F50-9661-C701452A0ACB}.Debug|x86.Build.0 = Debug|Any CPU
		{F5789E61-BFFD-4F50-9661-C701452A0ACB}.Release|Any CPU.ActiveCfg = Release|Any CPU
		{F5789E61-BFFD-4F50-9661-C701452A0ACB}.Release|Any CPU.Build.0 = Release|Any CPU
		{F5789E61-BFFD-4F50-9661-C701452A0ACB}.Release|x64.ActiveCfg = Release|Any CPU
		{F5789E61-BFFD-4F50-9661-C701452A0ACB}.Release|x64.Build.0 = Release|Any CPU
		{F5789E61-BFFD-4F50-9661-C701452A0ACB}.Release|x86.ActiveCfg = Release|Any CPU
		{F5789E61-BFFD-4F50-9661-C701452A0ACB}.Release|x86.Build.0 = Release|Any CPU
		{9DE3CB60-D4E9-4B23-A655-AE9AE56C8FE7}.Debug|Any CPU.ActiveCfg = Debug|Any CPU
		{9DE3CB60-D4E9-4B23-A655-AE9AE56C8FE7}.Debug|Any CPU.Build.0 = Debug|Any CPU
		{9DE3CB60-D4E9-4B23-A655-AE9AE56C8FE7}.Debug|x64.ActiveCfg = Debug|Any CPU
		{9DE3CB60-D4E9-4B23-A655-AE9AE56C8FE7}.Debug|x64.Build.0 = Debug|Any CPU
		{9DE3CB60-D4E9-4B23-A655-AE9AE56C8FE7}.Debug|x86.ActiveCfg = Debug|Any CPU
		{9DE3CB60-D4E9-4B23-A655-AE9AE56C8FE7}.Debug|x86.Build.0 = Debug|Any CPU
		{9DE3CB60-D4E9-4B23-A655-AE9AE56C8FE7}.Release|Any CPU.ActiveCfg = Release|Any CPU
		{9DE3CB60-D4E9-4B23-A655-AE9AE56C8FE7}.Release|Any CPU.Build.0 = Release|Any CPU
		{9DE3CB60-D4E9-4B23-A655-AE9AE56C8FE7}.Release|x64.ActiveCfg = Release|Any CPU
		{9DE3CB60-D4E9-4B23-A655-AE9AE56C8FE7}.Release|x64.Build.0 = Release|Any CPU
		{9DE3CB60-D4E9-4B23-A655-AE9AE56C8FE7}.Release|x86.ActiveCfg = Release|Any CPU
		{9DE3CB60-D4E9-4B23-A655-AE9AE56C8FE7}.Release|x86.Build.0 = Release|Any CPU
	EndGlobalSection
	GlobalSection(SolutionProperties) = preSolution
		HideSolutionNode = FALSE
	EndGlobalSection
	GlobalSection(ExtensibilityGlobals) = postSolution
		SolutionGuid = {41AF8E9D-0255-44BD-B46A-97ECD712AA73}
		RESX_PrefixTranslations = False
	EndGlobalSection
EndGlobal
